
Microsoft Visual Studio Solution File, Format Version 12.00
# Visual Studio Version 17
VisualStudioVersion = 17.7.34221.43
MinimumVisualStudioVersion = 10.0.40219.1
Project("{8BC9CEB8-8B4A-11D0-8D11-00A0C91BC942}") = "laba4_Xaritonovaaoboje", "laba4_Xaritonovaaoboje\laba4_Xaritonovaaoboje.vcxproj", "{231AD980-E0C7-492E-B927-E7C6B4C079AD}"
EndProject
Global
	GlobalSection(SolutionConfigurationPlatforms) = preSolution
		Debug|x64 = Debug|x64
		Debug|x86 = Debug|x86
		Release|x64 = Release|x64
		Release|x86 = Release|x86
	EndGlobalSection
	GlobalSection(ProjectConfigurationPlatforms) = postSolution
		{231AD980-E0C7-492E-B927-E7C6B4C079AD}.Debug|x64.ActiveCfg = Debug|x64
		{231AD980-E0C7-492E-B927-E7C6B4C079AD}.Debug|x64.Build.0 = Debug|x64
		{231AD980-E0C7-492E-B927-E7C6B4C079AD}.Debug|x86.ActiveCfg = Debug|Win32
		{231AD980-E0C7-492E-B927-E7C6B4C079AD}.Debug|x86.Build.0 = Debug|Win32
		{231AD980-E0C7-492E-B927-E7C6B4C079AD}.Release|x64.ActiveCfg = Release|x64
		{231AD980-E0C7-492E-B927-E7C6B4C079AD}.Release|x64.Build.0 = Release|x64
		{231AD980-E0C7-492E-B927-E7C6B4C079AD}.Release|x86.ActiveCfg = Release|Win32
		{231AD980-E0C7-492E-B927-E7C6B4C079AD}.Release|x86.Build.0 = Release|Win32
	EndGlobalSection
	GlobalSection(SolutionProperties) = preSolution
		HideSolutionNode = FALSE
	EndGlobalSection
	GlobalSection(ExtensibilityGlobals) = postSolution
		SolutionGuid = {33FC77AA-1BE5-4A71-9B9C-5CEF90483F91}
	EndGlobalSection
EndGlobal
